
Microsoft Visual Studio Solution File, Format Version 11.00
# Visual Studio 2010
Project("{FAE04EC0-301F-11D3-BF4B-00C04F79EFBC}") = "Assembly-CSharp", "Assembly-CSharp.csproj", "{23ee394e-540b-1d48-3ace-a417886f643d}"
EndProject
Project("{FAE04EC0-301F-11D3-BF4B-00C04F79EFBC}") = "PhotonUnityNetworking.Utilities", "PhotonUnityNetworking.Utilities.csproj", "{a0f47e26-d648-23fe-05c9-7187245a4a49}"
EndProject
Project("{FAE04EC0-301F-11D3-BF4B-00C04F79EFBC}") = "Oculus.VR", "Oculus.VR.csproj", "{d75f5e4a-c4b6-7493-2893-b79c096a090f}"
EndProject
Project("{FAE04EC0-301F-11D3-BF4B-00C04F79EFBC}") = "PhotonChat", "PhotonChat.csproj", "{9aa674b5-d645-0d13-d9ba-e53e51e84eb3}"
EndProject
Project("{FAE04EC0-301F-11D3-BF4B-00C04F79EFBC}") = "PhotonUnityNetworking", "PhotonUnityNetworking.csproj", "{06c58389-abfa-9c59-5f6f-0b96d4ba976f}"
EndProject
Project("{FAE04EC0-301F-11D3-BF4B-00C04F79EFBC}") = "PhotonRealtime", "PhotonRealtime.csproj", "{89d0cb02-c939-8dfe-fcc5-863b82c7e1ce}"
EndProject
Project("{FAE04EC0-301F-11D3-BF4B-00C04F79EFBC}") = "PhotonWebSocket", "PhotonWebSocket.csproj", "{3e2c0b7f-139a-ecff-cab4-10826cf0e17e}"
EndProject
Project("{FAE04EC0-301F-11D3-BF4B-00C04F79EFBC}") = "Assembly-CSharp-Editor", "Assembly-CSharp-Editor.csproj", "{df74f1c2-52b1-d2a3-ad18-00fdb34c41f8}"
EndProject
Project("{FAE04EC0-301F-11D3-BF4B-00C04F79EFBC}") = "Oculus.VR.Scripts.Editor", "Oculus.VR.Scripts.Editor.csproj", "{60262402-1d05-9c4a-785d-16587c7e54b2}"
EndProject
Project("{FAE04EC0-301F-11D3-BF4B-00C04F79EFBC}") = "Oculus.VR.Editor", "Oculus.VR.Editor.csproj", "{bbdeec41-f553-d4f9-773d-2f8a5bebc6c4}"
EndProject
Project("{FAE04EC0-301F-11D3-BF4B-00C04F79EFBC}") = "PhotonUnityNetworking.Editor", "PhotonUnityNetworking.Editor.csproj", "{a7729f32-ec8a-2b02-1be8-4f4347b3e8be}"
EndProject
Project("{FAE04EC0-301F-11D3-BF4B-00C04F79EFBC}") = "PhotonUnityNetworking.Utilities.PhotonPlayer.Editor", "PhotonUnityNetworking.Utilities.PhotonPlayer.Editor.csproj", "{347fcbcd-3ce9-ca05-fcee-c64eb0d8c8fb}"
EndProject
Project("{FAE04EC0-301F-11D3-BF4B-00C04F79EFBC}") = "PhotonUnityNetworking.Utilities.Culling.Editor", "PhotonUnityNetworking.Utilities.Culling.Editor.csproj", "{99e13174-71bc-00e9-3fd0-fe8b5ab2fca3}"
EndProject
Global
	GlobalSection(SolutionConfigurationPlatforms) = preSolution
		Debug|Any CPU = Debug|Any CPU
		Release|Any CPU = Release|Any CPU
	EndGlobalSection
	GlobalSection(ProjectConfigurationPlatforms) = postSolution
		{23ee394e-540b-1d48-3ace-a417886f643d}.Debug|Any CPU.ActiveCfg = Debug|Any CPU
		{23ee394e-540b-1d48-3ace-a417886f643d}.Debug|Any CPU.Build.0 = Debug|Any CPU
		{23ee394e-540b-1d48-3ace-a417886f643d}.Release|Any CPU.ActiveCfg = Release|Any CPU
		{23ee394e-540b-1d48-3ace-a417886f643d}.Release|Any CPU.Build.0 = Release|Any CPU
		{a0f47e26-d648-23fe-05c9-7187245a4a49}.Debug|Any CPU.ActiveCfg = Debug|Any CPU
		{a0f47e26-d648-23fe-05c9-7187245a4a49}.Debug|Any CPU.Build.0 = Debug|Any CPU
		{a0f47e26-d648-23fe-05c9-7187245a4a49}.Release|Any CPU.ActiveCfg = Release|Any CPU
		{a0f47e26-d648-23fe-05c9-7187245a4a49}.Release|Any CPU.Build.0 = Release|Any CPU
		{d75f5e4a-c4b6-7493-2893-b79c096a090f}.Debug|Any CPU.ActiveCfg = Debug|Any CPU
		{d75f5e4a-c4b6-7493-2893-b79c096a090f}.Debug|Any CPU.Build.0 = Debug|Any CPU
		{d75f5e4a-c4b6-7493-2893-b79c096a090f}.Release|Any CPU.ActiveCfg = Release|Any CPU
		{d75f5e4a-c4b6-7493-2893-b79c096a090f}.Release|Any CPU.Build.0 = Release|Any CPU
		{9aa674b5-d645-0d13-d9ba-e53e51e84eb3}.Debug|Any CPU.ActiveCfg = Debug|Any CPU
		{9aa674b5-d645-0d13-d9ba-e53e51e84eb3}.Debug|Any CPU.Build.0 = Debug|Any CPU
		{9aa674b5-d645-0d13-d9ba-e53e51e84eb3}.Release|Any CPU.ActiveCfg = Release|Any CPU
		{9aa674b5-d645-0d13-d9ba-e53e51e84eb3}.Release|Any CPU.Build.0 = Release|Any CPU
		{06c58389-abfa-9c59-5f6f-0b96d4ba976f}.Debug|Any CPU.ActiveCfg = Debug|Any CPU
		{06c58389-abfa-9c59-5f6f-0b96d4ba976f}.Debug|Any CPU.Build.0 = Debug|Any CPU
		{06c58389-abfa-9c59-5f6f-0b96d4ba976f}.Release|Any CPU.ActiveCfg = Release|Any CPU
		{06c58389-abfa-9c59-5f6f-0b96d4ba976f}.Release|Any CPU.Build.0 = Release|Any CPU
		{89d0cb02-c939-8dfe-fcc5-863b82c7e1ce}.Debug|Any CPU.ActiveCfg = Debug|Any CPU
		{89d0cb02-c939-8dfe-fcc5-863b82c7e1ce}.Debug|Any CPU.Build.0 = Debug|Any CPU
		{89d0cb02-c939-8dfe-fcc5-863b82c7e1ce}.Release|Any CPU.ActiveCfg = Release|Any CPU
		{89d0cb02-c939-8dfe-fcc5-863b82c7e1ce}.Release|Any CPU.Build.0 = Release|Any CPU
		{3e2c0b7f-139a-ecff-cab4-10826cf0e17e}.Debug|Any CPU.ActiveCfg = Debug|Any CPU
		{3e2c0b7f-139a-ecff-cab4-10826cf0e17e}.Debug|Any CPU.Build.0 = Debug|Any CPU
		{3e2c0b7f-139a-ecff-cab4-10826cf0e17e}.Release|Any CPU.ActiveCfg = Release|Any CPU
		{3e2c0b7f-139a-ecff-cab4-10826cf0e17e}.Release|Any CPU.Build.0 = Release|Any CPU
		{df74f1c2-52b1-d2a3-ad18-00fdb34c41f8}.Debug|Any CPU.ActiveCfg = Debug|Any CPU
		{df74f1c2-52b1-d2a3-ad18-00fdb34c41f8}.Debug|Any CPU.Build.0 = Debug|Any CPU
		{df74f1c2-52b1-d2a3-ad18-00fdb34c41f8}.Release|Any CPU.ActiveCfg = Release|Any CPU
		{df74f1c2-52b1-d2a3-ad18-00fdb34c41f8}.Release|Any CPU.Build.0 = Release|Any CPU
		{60262402-1d05-9c4a-785d-16587c7e54b2}.Debug|Any CPU.ActiveCfg = Debug|Any CPU
		{60262402-1d05-9c4a-785d-16587c7e54b2}.Debug|Any CPU.Build.0 = Debug|Any CPU
		{60262402-1d05-9c4a-785d-16587c7e54b2}.Release|Any CPU.ActiveCfg = Release|Any CPU
		{60262402-1d05-9c4a-785d-16587c7e54b2}.Release|Any CPU.Build.0 = Release|Any CPU
		{bbdeec41-f553-d4f9-773d-2f8a5bebc6c4}.Debug|Any CPU.ActiveCfg = Debug|Any CPU
		{bbdeec41-f553-d4f9-773d-2f8a5bebc6c4}.Debug|Any CPU.Build.0 = Debug|Any CPU
		{bbdeec41-f553-d4f9-773d-2f8a5bebc6c4}.Release|Any CPU.ActiveCfg = Release|Any CPU
		{bbdeec41-f553-d4f9-773d-2f8a5bebc6c4}.Release|Any CPU.Build.0 = Release|Any CPU
		{a7729f32-ec8a-2b02-1be8-4f4347b3e8be}.Debug|Any CPU.ActiveCfg = Debug|Any CPU
		{a7729f32-ec8a-2b02-1be8-4f4347b3e8be}.Debug|Any CPU.Build.0 = Debug|Any CPU
		{a7729f32-ec8a-2b02-1be8-4f4347b3e8be}.Release|Any CPU.ActiveCfg = Release|Any CPU
		{a7729f32-ec8a-2b02-1be8-4f4347b3e8be}.Release|Any CPU.Build.0 = Release|Any CPU
		{347fcbcd-3ce9-ca05-fcee-c64eb0d8c8fb}.Debug|Any CPU.ActiveCfg = Debug|Any CPU
		{347fcbcd-3ce9-ca05-fcee-c64eb0d8c8fb}.Debug|Any CPU.Build.0 = Debug|Any CPU
		{347fcbcd-3ce9-ca05-fcee-c64eb0d8c8fb}.Release|Any CPU.ActiveCfg = Release|Any CPU
		{347fcbcd-3ce9-ca05-fcee-c64eb0d8c8fb}.Release|Any CPU.Build.0 = Release|Any CPU
		{99e13174-71bc-00e9-3fd0-fe8b5ab2fca3}.Debug|Any CPU.ActiveCfg = Debug|Any CPU
		{99e13174-71bc-00e9-3fd0-fe8b5ab2fca3}.Debug|Any CPU.Build.0 = Debug|Any CPU
		{99e13174-71bc-00e9-3fd0-fe8b5ab2fca3}.Release|Any CPU.ActiveCfg = Release|Any CPU
		{99e13174-71bc-00e9-3fd0-fe8b5ab2fca3}.Release|Any CPU.Build.0 = Release|Any CPU
	EndGlobalSection
	GlobalSection(SolutionProperties) = preSolution
		HideSolutionNode = FALSE
	EndGlobalSection
EndGlobal
