
Microsoft Visual Studio Solution File, Format Version 12.00
# Visual Studio 15
Project("{FAE04EC0-301F-11D3-BF4B-00C04F79EFBC}") = "Assembly-CSharp", "Assembly-CSharp.csproj", "{4E39EE23-0B54-481D-3ACE-A417886F643D}"
EndProject
Project("{FAE04EC0-301F-11D3-BF4B-00C04F79EFBC}") = "Oculus.VR", "Oculus.VR.csproj", "{4A5E5FD7-B6C4-9374-2893-B79C096A090F}"
EndProject
Project("{FAE04EC0-301F-11D3-BF4B-00C04F79EFBC}") = "PhotonBolt", "PhotonBolt.csproj", "{6191074F-6A21-60F5-E472-B62D12FABF1A}"
EndProject
Project("{FAE04EC0-301F-11D3-BF4B-00C04F79EFBC}") = "PhotonRealtime", "PhotonRealtime.csproj", "{02CBD089-39C9-FE8D-FCC5-863B82C7E1CE}"
EndProject
Project("{FAE04EC0-301F-11D3-BF4B-00C04F79EFBC}") = "PhotonWebSocket", "PhotonWebSocket.csproj", "{7F0B2C3E-9A13-FFEC-CAB4-10826CF0E17E}"
EndProject
Project("{FAE04EC0-301F-11D3-BF4B-00C04F79EFBC}") = "Assembly-CSharp-Editor", "Assembly-CSharp-Editor.csproj", "{C2F174DF-B152-A3D2-AD18-00FDB34C41F8}"
EndProject
Project("{FAE04EC0-301F-11D3-BF4B-00C04F79EFBC}") = "Oculus.VR.Scripts.Editor", "Oculus.VR.Scripts.Editor.csproj", "{02242660-051D-4A9C-785D-16587C7E54B2}"
EndProject
Project("{FAE04EC0-301F-11D3-BF4B-00C04F79EFBC}") = "Oculus.VR.Editor", "Oculus.VR.Editor.csproj", "{41ECDEBB-53F5-F9D4-773D-2F8A5BEBC6C4}"
EndProject
Project("{FAE04EC0-301F-11D3-BF4B-00C04F79EFBC}") = "PhotonBolt-Editor", "PhotonBolt-Editor.csproj", "{9645608A-E303-AEF7-3814-5E219FF51CA6}"
EndProject
Global
	GlobalSection(SolutionConfigurationPlatforms) = preSolution
		Debug|Any CPU = Debug|Any CPU
		Release|Any CPU = Release|Any CPU
	EndGlobalSection
	GlobalSection(ProjectConfigurationPlatforms) = postSolution
		{4E39EE23-0B54-481D-3ACE-A417886F643D}.Debug|Any CPU.ActiveCfg = Debug|Any CPU
		{4E39EE23-0B54-481D-3ACE-A417886F643D}.Debug|Any CPU.Build.0 = Debug|Any CPU
		{4E39EE23-0B54-481D-3ACE-A417886F643D}.Release|Any CPU.ActiveCfg = Release|Any CPU
		{4E39EE23-0B54-481D-3ACE-A417886F643D}.Release|Any CPU.Build.0 = Release|Any CPU
		{4A5E5FD7-B6C4-9374-2893-B79C096A090F}.Debug|Any CPU.ActiveCfg = Debug|Any CPU
		{4A5E5FD7-B6C4-9374-2893-B79C096A090F}.Debug|Any CPU.Build.0 = Debug|Any CPU
		{4A5E5FD7-B6C4-9374-2893-B79C096A090F}.Release|Any CPU.ActiveCfg = Release|Any CPU
		{4A5E5FD7-B6C4-9374-2893-B79C096A090F}.Release|Any CPU.Build.0 = Release|Any CPU
		{6191074F-6A21-60F5-E472-B62D12FABF1A}.Debug|Any CPU.ActiveCfg = Debug|Any CPU
		{6191074F-6A21-60F5-E472-B62D12FABF1A}.Debug|Any CPU.Build.0 = Debug|Any CPU
		{6191074F-6A21-60F5-E472-B62D12FABF1A}.Release|Any CPU.ActiveCfg = Release|Any CPU
		{6191074F-6A21-60F5-E472-B62D12FABF1A}.Release|Any CPU.Build.0 = Release|Any CPU
		{02CBD089-39C9-FE8D-FCC5-863B82C7E1CE}.Debug|Any CPU.ActiveCfg = Debug|Any CPU
		{02CBD089-39C9-FE8D-FCC5-863B82C7E1CE}.Debug|Any CPU.Build.0 = Debug|Any CPU
		{02CBD089-39C9-FE8D-FCC5-863B82C7E1CE}.Release|Any CPU.ActiveCfg = Release|Any CPU
		{02CBD089-39C9-FE8D-FCC5-863B82C7E1CE}.Release|Any CPU.Build.0 = Release|Any CPU
		{7F0B2C3E-9A13-FFEC-CAB4-10826CF0E17E}.Debug|Any CPU.ActiveCfg = Debug|Any CPU
		{7F0B2C3E-9A13-FFEC-CAB4-10826CF0E17E}.Debug|Any CPU.Build.0 = Debug|Any CPU
		{7F0B2C3E-9A13-FFEC-CAB4-10826CF0E17E}.Release|Any CPU.ActiveCfg = Release|Any CPU
		{7F0B2C3E-9A13-FFEC-CAB4-10826CF0E17E}.Release|Any CPU.Build.0 = Release|Any CPU
		{C2F174DF-B152-A3D2-AD18-00FDB34C41F8}.Debug|Any CPU.ActiveCfg = Debug|Any CPU
		{C2F174DF-B152-A3D2-AD18-00FDB34C41F8}.Debug|Any CPU.Build.0 = Debug|Any CPU
		{C2F174DF-B152-A3D2-AD18-00FDB34C41F8}.Release|Any CPU.ActiveCfg = Release|Any CPU
		{C2F174DF-B152-A3D2-AD18-00FDB34C41F8}.Release|Any CPU.Build.0 = Release|Any CPU
		{02242660-051D-4A9C-785D-16587C7E54B2}.Debug|Any CPU.ActiveCfg = Debug|Any CPU
		{02242660-051D-4A9C-785D-16587C7E54B2}.Debug|Any CPU.Build.0 = Debug|Any CPU
		{02242660-051D-4A9C-785D-16587C7E54B2}.Release|Any CPU.ActiveCfg = Release|Any CPU
		{02242660-051D-4A9C-785D-16587C7E54B2}.Release|Any CPU.Build.0 = Release|Any CPU
		{41ECDEBB-53F5-F9D4-773D-2F8A5BEBC6C4}.Debug|Any CPU.ActiveCfg = Debug|Any CPU
		{41ECDEBB-53F5-F9D4-773D-2F8A5BEBC6C4}.Debug|Any CPU.Build.0 = Debug|Any CPU
		{41ECDEBB-53F5-F9D4-773D-2F8A5BEBC6C4}.Release|Any CPU.ActiveCfg = Release|Any CPU
		{41ECDEBB-53F5-F9D4-773D-2F8A5BEBC6C4}.Release|Any CPU.Build.0 = Release|Any CPU
		{9645608A-E303-AEF7-3814-5E219FF51CA6}.Debug|Any CPU.ActiveCfg = Debug|Any CPU
		{9645608A-E303-AEF7-3814-5E219FF51CA6}.Debug|Any CPU.Build.0 = Debug|Any CPU
		{9645608A-E303-AEF7-3814-5E219FF51CA6}.Release|Any CPU.ActiveCfg = Release|Any CPU
		{9645608A-E303-AEF7-3814-5E219FF51CA6}.Release|Any CPU.Build.0 = Release|Any CPU
	EndGlobalSection
	GlobalSection(SolutionProperties) = preSolution
		HideSolutionNode = FALSE
	EndGlobalSection
EndGlobal
