
Microsoft Visual Studio Solution File, Format Version 11.00
# Visual Studio 2010
Project("{FAE04EC0-301F-11D3-BF4B-00C04F79EFBC}") = "Assembly-CSharp", "Assembly-CSharp.csproj", "{23ee394e-540b-1d48-3ace-a417886f643d}"
EndProject
Project("{FAE04EC0-301F-11D3-BF4B-00C04F79EFBC}") = "Oculus.VR", "Oculus.VR.csproj", "{d75f5e4a-c4b6-7493-2893-b79c096a090f}"
EndProject
Project("{FAE04EC0-301F-11D3-BF4B-00C04F79EFBC}") = "PhotonBolt", "PhotonBolt.csproj", "{4f079161-216a-f560-e472-b62d12fabf1a}"
EndProject
Project("{FAE04EC0-301F-11D3-BF4B-00C04F79EFBC}") = "PhotonRealtime", "PhotonRealtime.csproj", "{89d0cb02-c939-8dfe-fcc5-863b82c7e1ce}"
EndProject
Project("{FAE04EC0-301F-11D3-BF4B-00C04F79EFBC}") = "PhotonWebSocket", "PhotonWebSocket.csproj", "{3e2c0b7f-139a-ecff-cab4-10826cf0e17e}"
EndProject
Project("{FAE04EC0-301F-11D3-BF4B-00C04F79EFBC}") = "Assembly-CSharp-Editor", "Assembly-CSharp-Editor.csproj", "{df74f1c2-52b1-d2a3-ad18-00fdb34c41f8}"
EndProject
Project("{FAE04EC0-301F-11D3-BF4B-00C04F79EFBC}") = "Oculus.VR.Scripts.Editor", "Oculus.VR.Scripts.Editor.csproj", "{60262402-1d05-9c4a-785d-16587c7e54b2}"
EndProject
Project("{FAE04EC0-301F-11D3-BF4B-00C04F79EFBC}") = "Oculus.VR.Editor", "Oculus.VR.Editor.csproj", "{bbdeec41-f553-d4f9-773d-2f8a5bebc6c4}"
EndProject
Project("{FAE04EC0-301F-11D3-BF4B-00C04F79EFBC}") = "PhotonBolt-Editor", "PhotonBolt-Editor.csproj", "{8a604596-03e3-f7ae-3814-5e219ff51ca6}"
EndProject
Global
	GlobalSection(SolutionConfigurationPlatforms) = preSolution
		Debug|Any CPU = Debug|Any CPU
		Release|Any CPU = Release|Any CPU
	EndGlobalSection
	GlobalSection(ProjectConfigurationPlatforms) = postSolution
		{23ee394e-540b-1d48-3ace-a417886f643d}.Debug|Any CPU.ActiveCfg = Debug|Any CPU
		{23ee394e-540b-1d48-3ace-a417886f643d}.Debug|Any CPU.Build.0 = Debug|Any CPU
		{23ee394e-540b-1d48-3ace-a417886f643d}.Release|Any CPU.ActiveCfg = Release|Any CPU
		{23ee394e-540b-1d48-3ace-a417886f643d}.Release|Any CPU.Build.0 = Release|Any CPU
		{d75f5e4a-c4b6-7493-2893-b79c096a090f}.Debug|Any CPU.ActiveCfg = Debug|Any CPU
		{d75f5e4a-c4b6-7493-2893-b79c096a090f}.Debug|Any CPU.Build.0 = Debug|Any CPU
		{d75f5e4a-c4b6-7493-2893-b79c096a090f}.Release|Any CPU.ActiveCfg = Release|Any CPU
		{d75f5e4a-c4b6-7493-2893-b79c096a090f}.Release|Any CPU.Build.0 = Release|Any CPU
		{4f079161-216a-f560-e472-b62d12fabf1a}.Debug|Any CPU.ActiveCfg = Debug|Any CPU
		{4f079161-216a-f560-e472-b62d12fabf1a}.Debug|Any CPU.Build.0 = Debug|Any CPU
		{4f079161-216a-f560-e472-b62d12fabf1a}.Release|Any CPU.ActiveCfg = Release|Any CPU
		{4f079161-216a-f560-e472-b62d12fabf1a}.Release|Any CPU.Build.0 = Release|Any CPU
		{89d0cb02-c939-8dfe-fcc5-863b82c7e1ce}.Debug|Any CPU.ActiveCfg = Debug|Any CPU
		{89d0cb02-c939-8dfe-fcc5-863b82c7e1ce}.Debug|Any CPU.Build.0 = Debug|Any CPU
		{89d0cb02-c939-8dfe-fcc5-863b82c7e1ce}.Release|Any CPU.ActiveCfg = Release|Any CPU
		{89d0cb02-c939-8dfe-fcc5-863b82c7e1ce}.Release|Any CPU.Build.0 = Release|Any CPU
		{3e2c0b7f-139a-ecff-cab4-10826cf0e17e}.Debug|Any CPU.ActiveCfg = Debug|Any CPU
		{3e2c0b7f-139a-ecff-cab4-10826cf0e17e}.Debug|Any CPU.Build.0 = Debug|Any CPU
		{3e2c0b7f-139a-ecff-cab4-10826cf0e17e}.Release|Any CPU.ActiveCfg = Release|Any CPU
		{3e2c0b7f-139a-ecff-cab4-10826cf0e17e}.Release|Any CPU.Build.0 = Release|Any CPU
		{df74f1c2-52b1-d2a3-ad18-00fdb34c41f8}.Debug|Any CPU.ActiveCfg = Debug|Any CPU
		{df74f1c2-52b1-d2a3-ad18-00fdb34c41f8}.Debug|Any CPU.Build.0 = Debug|Any CPU
		{df74f1c2-52b1-d2a3-ad18-00fdb34c41f8}.Release|Any CPU.ActiveCfg = Release|Any CPU
		{df74f1c2-52b1-d2a3-ad18-00fdb34c41f8}.Release|Any CPU.Build.0 = Release|Any CPU
		{60262402-1d05-9c4a-785d-16587c7e54b2}.Debug|Any CPU.ActiveCfg = Debug|Any CPU
		{60262402-1d05-9c4a-785d-16587c7e54b2}.Debug|Any CPU.Build.0 = Debug|Any CPU
		{60262402-1d05-9c4a-785d-16587c7e54b2}.Release|Any CPU.ActiveCfg = Release|Any CPU
		{60262402-1d05-9c4a-785d-16587c7e54b2}.Release|Any CPU.Build.0 = Release|Any CPU
		{bbdeec41-f553-d4f9-773d-2f8a5bebc6c4}.Debug|Any CPU.ActiveCfg = Debug|Any CPU
		{bbdeec41-f553-d4f9-773d-2f8a5bebc6c4}.Debug|Any CPU.Build.0 = Debug|Any CPU
		{bbdeec41-f553-d4f9-773d-2f8a5bebc6c4}.Release|Any CPU.ActiveCfg = Release|Any CPU
		{bbdeec41-f553-d4f9-773d-2f8a5bebc6c4}.Release|Any CPU.Build.0 = Release|Any CPU
		{8a604596-03e3-f7ae-3814-5e219ff51ca6}.Debug|Any CPU.ActiveCfg = Debug|Any CPU
		{8a604596-03e3-f7ae-3814-5e219ff51ca6}.Debug|Any CPU.Build.0 = Debug|Any CPU
		{8a604596-03e3-f7ae-3814-5e219ff51ca6}.Release|Any CPU.ActiveCfg = Release|Any CPU
		{8a604596-03e3-f7ae-3814-5e219ff51ca6}.Release|Any CPU.Build.0 = Release|Any CPU
	EndGlobalSection
	GlobalSection(SolutionProperties) = preSolution
		HideSolutionNode = FALSE
	EndGlobalSection
EndGlobal
